
Microsoft Visual Studio Solution File, Format Version 12.00
# Visual Studio Version 18
VisualStudioVersion = 18.2.11430.68
MinimumVisualStudioVersion = 10.0.40219.1
Project("{FAE04EC0-301F-11D3-BF4B-00C04F79EFBC}") = "ObenFind", "ObenFind.csproj", "{72ACD2E8-722A-E260-ADE9-EED6D7E63AA7}"
EndProject
Global
	GlobalSection(SolutionConfigurationPlatforms) = preSolution
		Debug|Any CPU = Debug|Any CPU
		Release|Any CPU = Release|Any CPU
	EndGlobalSection
	GlobalSection(ProjectConfigurationPlatforms) = postSolution
		{72ACD2E8-722A-E260-ADE9-EED6D7E63AA7}.Debug|Any CPU.ActiveCfg = Debug|Any CPU
		{72ACD2E8-722A-E260-ADE9-EED6D7E63AA7}.Debug|Any CPU.Build.0 = Debug|Any CPU
		{72ACD2E8-722A-E260-ADE9-EED6D7E63AA7}.Release|Any CPU.ActiveCfg = Release|Any CPU
		{72ACD2E8-722A-E260-ADE9-EED6D7E63AA7}.Release|Any CPU.Build.0 = Release|Any CPU
	EndGlobalSection
	GlobalSection(SolutionProperties) = preSolution
		HideSolutionNode = FALSE
	EndGlobalSection
	GlobalSection(ExtensibilityGlobals) = postSolution
		SolutionGuid = {41CDA23F-9085-47BD-BB06-19D3B45576A5}
	EndGlobalSection
EndGlobal
